{
  "name": "llpg",
  "version": "0.1.2",
  "lockfileVersion": 1,
  "requires": true,
  "dependencies": {
    "print-tree": {
      "version": "0.1.5",
      "resolved": "https://registry.npmjs.org/print-tree/-/print-tree-0.1.5.tgz",
      "integrity": "sha512-t5eFtuheMgWGR3kj1vtxsvfWrrecEEWow3IgEtbW0EPbYRufHAvB+ShK1DgRjWxEYYEqO4B6DNlkoPmh7E3LGQ=="
    },
    "tree-crawl": {
      "version": "1.0.5",
      "resolved": "https://registry.npmjs.org/tree-crawl/-/tree-crawl-1.0.5.tgz",
      "integrity": "sha512-iGxq6nMcZ2PCRQOHykbhM5nMBiErA9iVfWvfatKlfAZ4O4t/46BfrbZfTcoNM6H6o6TYHQvxHtPWEnvPqH7rDA==",
      "dev": true
    }
  }
}
